
Microsoft Visual Studio Solution File, Format Version 12.00
Project("{FAE04EC0-301F-11D3-BF4B-00C04F79EFBC}") = "NetReviews", "NetReviewsApi\NetReviews\NetReviews.csproj", "{10520DC4-750D-45A6-A198-B1C2564885D7}"
EndProject
Project("{2150E333-8FDC-42A3-9474-1A3956D46DE8}") = "Domain", "Domain", "{6675180C-73D9-4F10-92DB-61246C1E79C0}"
EndProject
Project("{FAE04EC0-301F-11D3-BF4B-00C04F79EFBC}") = "Domain", "NetReviewsApi\Domain\Domain.csproj", "{DC37CD68-E473-4A4D-A022-CA4768C1AA68}"
EndProject
Project("{2150E333-8FDC-42A3-9474-1A3956D46DE8}") = "DataAccess", "DataAccess", "{74CFABF1-DECC-4630-A9F4-E55F2B2254CE}"
EndProject
Project("{FAE04EC0-301F-11D3-BF4B-00C04F79EFBC}") = "DataAccess", "NetReviewsApi\DataAccess\DataAccess.csproj", "{26C21835-5849-4884-978C-855BFE30008F}"
EndProject
Project("{FAE04EC0-301F-11D3-BF4B-00C04F79EFBC}") = "Domain.Interfaces", "NetReviewsApi\Domain.Interfaces\Domain.Interfaces.csproj", "{38ED8C2D-0F0F-4FE8-BBB8-3EEE290C6733}"
EndProject
Project("{FAE04EC0-301F-11D3-BF4B-00C04F79EFBC}") = "DataAccess.Interfaces", "NetReviewsApi\DataAccess.Interfaces\DataAccess.Interfaces.csproj", "{9DC2FC08-FBAE-4201-AE0A-1829CC5B6F91}"
EndProject
Global
	GlobalSection(SolutionConfigurationPlatforms) = preSolution
		Debug|Any CPU = Debug|Any CPU
		Release|Any CPU = Release|Any CPU
	EndGlobalSection
	GlobalSection(ProjectConfigurationPlatforms) = postSolution
		{10520DC4-750D-45A6-A198-B1C2564885D7}.Debug|Any CPU.ActiveCfg = Debug|Any CPU
		{10520DC4-750D-45A6-A198-B1C2564885D7}.Debug|Any CPU.Build.0 = Debug|Any CPU
		{10520DC4-750D-45A6-A198-B1C2564885D7}.Release|Any CPU.ActiveCfg = Release|Any CPU
		{10520DC4-750D-45A6-A198-B1C2564885D7}.Release|Any CPU.Build.0 = Release|Any CPU
		{DC37CD68-E473-4A4D-A022-CA4768C1AA68}.Debug|Any CPU.ActiveCfg = Debug|Any CPU
		{DC37CD68-E473-4A4D-A022-CA4768C1AA68}.Debug|Any CPU.Build.0 = Debug|Any CPU
		{DC37CD68-E473-4A4D-A022-CA4768C1AA68}.Release|Any CPU.ActiveCfg = Release|Any CPU
		{DC37CD68-E473-4A4D-A022-CA4768C1AA68}.Release|Any CPU.Build.0 = Release|Any CPU
		{26C21835-5849-4884-978C-855BFE30008F}.Debug|Any CPU.ActiveCfg = Debug|Any CPU
		{26C21835-5849-4884-978C-855BFE30008F}.Debug|Any CPU.Build.0 = Debug|Any CPU
		{26C21835-5849-4884-978C-855BFE30008F}.Release|Any CPU.ActiveCfg = Release|Any CPU
		{26C21835-5849-4884-978C-855BFE30008F}.Release|Any CPU.Build.0 = Release|Any CPU
		{38ED8C2D-0F0F-4FE8-BBB8-3EEE290C6733}.Debug|Any CPU.ActiveCfg = Debug|Any CPU
		{38ED8C2D-0F0F-4FE8-BBB8-3EEE290C6733}.Debug|Any CPU.Build.0 = Debug|Any CPU
		{38ED8C2D-0F0F-4FE8-BBB8-3EEE290C6733}.Release|Any CPU.ActiveCfg = Release|Any CPU
		{38ED8C2D-0F0F-4FE8-BBB8-3EEE290C6733}.Release|Any CPU.Build.0 = Release|Any CPU
		{9DC2FC08-FBAE-4201-AE0A-1829CC5B6F91}.Debug|Any CPU.ActiveCfg = Debug|Any CPU
		{9DC2FC08-FBAE-4201-AE0A-1829CC5B6F91}.Debug|Any CPU.Build.0 = Debug|Any CPU
		{9DC2FC08-FBAE-4201-AE0A-1829CC5B6F91}.Release|Any CPU.ActiveCfg = Release|Any CPU
		{9DC2FC08-FBAE-4201-AE0A-1829CC5B6F91}.Release|Any CPU.Build.0 = Release|Any CPU
	EndGlobalSection
	GlobalSection(NestedProjects) = preSolution
		{DC37CD68-E473-4A4D-A022-CA4768C1AA68} = {6675180C-73D9-4F10-92DB-61246C1E79C0}
		{26C21835-5849-4884-978C-855BFE30008F} = {74CFABF1-DECC-4630-A9F4-E55F2B2254CE}
		{38ED8C2D-0F0F-4FE8-BBB8-3EEE290C6733} = {6675180C-73D9-4F10-92DB-61246C1E79C0}
		{9DC2FC08-FBAE-4201-AE0A-1829CC5B6F91} = {74CFABF1-DECC-4630-A9F4-E55F2B2254CE}
	EndGlobalSection
EndGlobal
